
Microsoft Visual Studio Solution File, Format Version 12.00
# Visual Studio 14
VisualStudioVersion = 14.0.24720.0
MinimumVisualStudioVersion = 10.0.40219.1
Project("{888888A0-9F3D-457C-B088-3A5042F75D52}") = "Picnic", "Picnic\Picnic.pyproj", "{764EF4CE-A189-4888-AC38-C2495AC35A17}"
EndProject
Project("{888888A0-9F3D-457C-B088-3A5042F75D52}") = "Picnic.Test", "Picnic.Test\Picnic.Test.pyproj", "{723C745B-5BBF-4047-9149-456A35EFFB4C}"
EndProject
Global
	GlobalSection(SolutionConfigurationPlatforms) = preSolution
		Debug|Any CPU = Debug|Any CPU
		Release|Any CPU = Release|Any CPU
	EndGlobalSection
	GlobalSection(ProjectConfigurationPlatforms) = postSolution
		{764EF4CE-A189-4888-AC38-C2495AC35A17}.Debug|Any CPU.ActiveCfg = Debug|Any CPU
		{764EF4CE-A189-4888-AC38-C2495AC35A17}.Release|Any CPU.ActiveCfg = Release|Any CPU
		{723C745B-5BBF-4047-9149-456A35EFFB4C}.Debug|Any CPU.ActiveCfg = Debug|Any CPU
		{723C745B-5BBF-4047-9149-456A35EFFB4C}.Release|Any CPU.ActiveCfg = Release|Any CPU
	EndGlobalSection
	GlobalSection(SolutionProperties) = preSolution
		HideSolutionNode = FALSE
	EndGlobalSection
EndGlobal
